
Microsoft Visual Studio Solution File, Format Version 12.00
# Visual Studio Version 16
VisualStudioVersion = 16.0.31005.135
MinimumVisualStudioVersion = 10.0.40219.1
Project("{FAE04EC0-301F-11D3-BF4B-00C04F79EFBC}") = "MVC_Client", "MVC_Client\MVC_Client.csproj", "{9610AF26-4B7C-4445-8890-B1A34BF8B1CD}"
EndProject
Project("{FAE04EC0-301F-11D3-BF4B-00C04F79EFBC}") = "MVC_Client.Tests", "MVC_Client.Tests\MVC_Client.Tests.csproj", "{EC188395-80CC-4EAC-828D-4FB2DEF7911C}"
EndProject
Project("{FAE04EC0-301F-11D3-BF4B-00C04F79EFBC}") = "API_Services", "API_Services\API_Services.csproj", "{8D3A7151-D935-4633-BBD4-9140A9A42576}"
EndProject
Global
	GlobalSection(SolutionConfigurationPlatforms) = preSolution
		Debug|Any CPU = Debug|Any CPU
		Release|Any CPU = Release|Any CPU
	EndGlobalSection
	GlobalSection(ProjectConfigurationPlatforms) = postSolution
		{9610AF26-4B7C-4445-8890-B1A34BF8B1CD}.Debug|Any CPU.ActiveCfg = Debug|Any CPU
		{9610AF26-4B7C-4445-8890-B1A34BF8B1CD}.Debug|Any CPU.Build.0 = Debug|Any CPU
		{9610AF26-4B7C-4445-8890-B1A34BF8B1CD}.Release|Any CPU.ActiveCfg = Release|Any CPU
		{9610AF26-4B7C-4445-8890-B1A34BF8B1CD}.Release|Any CPU.Build.0 = Release|Any CPU
		{EC188395-80CC-4EAC-828D-4FB2DEF7911C}.Debug|Any CPU.ActiveCfg = Debug|Any CPU
		{EC188395-80CC-4EAC-828D-4FB2DEF7911C}.Debug|Any CPU.Build.0 = Debug|Any CPU
		{EC188395-80CC-4EAC-828D-4FB2DEF7911C}.Release|Any CPU.ActiveCfg = Release|Any CPU
		{EC188395-80CC-4EAC-828D-4FB2DEF7911C}.Release|Any CPU.Build.0 = Release|Any CPU
		{8D3A7151-D935-4633-BBD4-9140A9A42576}.Debug|Any CPU.ActiveCfg = Debug|Any CPU
		{8D3A7151-D935-4633-BBD4-9140A9A42576}.Debug|Any CPU.Build.0 = Debug|Any CPU
		{8D3A7151-D935-4633-BBD4-9140A9A42576}.Release|Any CPU.ActiveCfg = Release|Any CPU
		{8D3A7151-D935-4633-BBD4-9140A9A42576}.Release|Any CPU.Build.0 = Release|Any CPU
	EndGlobalSection
	GlobalSection(SolutionProperties) = preSolution
		HideSolutionNode = FALSE
	EndGlobalSection
	GlobalSection(ExtensibilityGlobals) = postSolution
		SolutionGuid = {2CA6E814-ABCE-43F5-8647-A2A548EB37CF}
	EndGlobalSection
EndGlobal
